
Microsoft Visual Studio Solution File, Format Version 12.00
# Visual Studio 15
VisualStudioVersion = 15.0.27130.2024
MinimumVisualStudioVersion = 10.0.40219.1
Project("{FAE04EC0-301F-11D3-BF4B-00C04F79EFBC}") = "CodingAdvent2023", "CodingAdvent2023\CodingAdvent2023.csproj", "{62619BF2-7B04-4495-97CA-48EE706E105F}"
EndProject
Global
	GlobalSection(SolutionConfigurationPlatforms) = preSolution
		Debug|Any CPU = Debug|Any CPU
		Release|Any CPU = Release|Any CPU
	EndGlobalSection
	GlobalSection(ProjectConfigurationPlatforms) = postSolution
		{62619BF2-7B04-4495-97CA-48EE706E105F}.Debug|Any CPU.ActiveCfg = Debug|Any CPU
		{62619BF2-7B04-4495-97CA-48EE706E105F}.Debug|Any CPU.Build.0 = Debug|Any CPU
		{62619BF2-7B04-4495-97CA-48EE706E105F}.Release|Any CPU.ActiveCfg = Release|Any CPU
		{62619BF2-7B04-4495-97CA-48EE706E105F}.Release|Any CPU.Build.0 = Release|Any CPU
	EndGlobalSection
	GlobalSection(SolutionProperties) = preSolution
		HideSolutionNode = FALSE
	EndGlobalSection
	GlobalSection(ExtensibilityGlobals) = postSolution
		SolutionGuid = {88242181-B4F4-41A1-86E4-ED5A87676D94}
	EndGlobalSection
EndGlobal
